// !$*UTF8*$!
{
	archiveVersion = 1;
	classes = {
	};
	objectVersion = 56;
	objects = {

/* Begin PBXBuildFile section */
		047CD75A2BB5DF2300C40F04 /* AppDelegate.swift in Sources */ = {isa = PBXBuildFile; fileRef = 047CD7592BB5DF2300C40F04 /* AppDelegate.swift */; };
		047CD75C2BB5DF2300C40F04 /* SceneDelegate.swift in Sources */ = {isa = PBXBuildFile; fileRef = 047CD75B2BB5DF2300C40F04 /* SceneDelegate.swift */; };
		047CD75E2BB5DF2300C40F04 /* ViewController.swift in Sources */ = {isa = PBXBuildFile; fileRef = 047CD75D2BB5DF2300C40F04 /* ViewController.swift */; };
		047CD7612BB5DF2300C40F04 /* Main.storyboard in Resources */ = {isa = PBXBuildFile; fileRef = 047CD75F2BB5DF2300C40F04 /* Main.storyboard */; };
		047CD7632BB5DF2400C40F04 /* Assets.xcassets in Resources */ = {isa = PBXBuildFile; fileRef = 047CD7622BB5DF2400C40F04 /* Assets.xcassets */; };
		047CD7662BB5DF2400C40F04 /* LaunchScreen.storyboard in Resources */ = {isa = PBXBuildFile; fileRef = 047CD7642BB5DF2400C40F04 /* LaunchScreen.storyboard */; };
		047CD76E2BB96B6200C40F04 /* RegisterViewController.swift in Sources */ = {isa = PBXBuildFile; fileRef = 047CD76D2BB96B6200C40F04 /* RegisterViewController.swift */; };
		047CD7702BB96B8200C40F04 /* LoginViewController.swift in Sources */ = {isa = PBXBuildFile; fileRef = 047CD76F2BB96B8200C40F04 /* LoginViewController.swift */; };
		047CD7732BB9D9E600C40F04 /* GoogleService-Info.plist in Resources */ = {isa = PBXBuildFile; fileRef = 047CD7722BB9D9E500C40F04 /* GoogleService-Info.plist */; };
		047CD7762BB9DBE700C40F04 /* FirebaseAnalytics in Frameworks */ = {isa = PBXBuildFile; productRef = 047CD7752BB9DBE700C40F04 /* FirebaseAnalytics */; };
		047CD7782BB9DBE700C40F04 /* FirebaseAnalyticsOnDeviceConversion in Frameworks */ = {isa = PBXBuildFile; productRef = 047CD7772BB9DBE700C40F04 /* FirebaseAnalyticsOnDeviceConversion */; };
		047CD77A2BB9DBE700C40F04 /* FirebaseAnalyticsSwift in Frameworks */ = {isa = PBXBuildFile; productRef = 047CD7792BB9DBE700C40F04 /* FirebaseAnalyticsSwift */; };
		047CD77C2BB9DBE700C40F04 /* FirebaseAnalyticsWithoutAdIdSupport in Frameworks */ = {isa = PBXBuildFile; productRef = 047CD77B2BB9DBE700C40F04 /* FirebaseAnalyticsWithoutAdIdSupport */; };
		047CD77E2BB9DBE700C40F04 /* FirebaseAppCheck in Frameworks */ = {isa = PBXBuildFile; productRef = 047CD77D2BB9DBE700C40F04 /* FirebaseAppCheck */; };
		047CD7802BB9DBE700C40F04 /* FirebaseAppDistribution-Beta in Frameworks */ = {isa = PBXBuildFile; productRef = 047CD77F2BB9DBE700C40F04 /* FirebaseAppDistribution-Beta */; };
		047CD7822BB9DBE700C40F04 /* FirebaseAuth in Frameworks */ = {isa = PBXBuildFile; productRef = 047CD7812BB9DBE700C40F04 /* FirebaseAuth */; };
		047CD7842BB9DBE700C40F04 /* FirebaseAuthCombine-Community in Frameworks */ = {isa = PBXBuildFile; productRef = 047CD7832BB9DBE700C40F04 /* FirebaseAuthCombine-Community */; };
		047CD7862BB9DBE700C40F04 /* FirebaseCrashlytics in Frameworks */ = {isa = PBXBuildFile; productRef = 047CD7852BB9DBE700C40F04 /* FirebaseCrashlytics */; };
		047CD7882BB9DBE700C40F04 /* FirebaseDatabase in Frameworks */ = {isa = PBXBuildFile; productRef = 047CD7872BB9DBE700C40F04 /* FirebaseDatabase */; };
		047CD78A2BB9DBE700C40F04 /* FirebaseDatabaseSwift in Frameworks */ = {isa = PBXBuildFile; productRef = 047CD7892BB9DBE700C40F04 /* FirebaseDatabaseSwift */; };
/* End PBXBuildFile section */

/* Begin PBXFileReference section */
		047CD7562BB5DF2300C40F04 /* SeaGateTest.app */ = {isa = PBXFileReference; explicitFileType = wrapper.application; includeInIndex = 0; path = SeaGateTest.app; sourceTree = BUILT_PRODUCTS_DIR; };
		047CD7592BB5DF2300C40F04 /* AppDelegate.swift */ = {isa = PBXFileReference; lastKnownFileType = sourcecode.swift; path = AppDelegate.swift; sourceTree = "<group>"; };
		047CD75B2BB5DF2300C40F04 /* SceneDelegate.swift */ = {isa = PBXFileReference; lastKnownFileType = sourcecode.swift; path = SceneDelegate.swift; sourceTree = "<group>"; };
		047CD75D2BB5DF2300C40F04 /* ViewController.swift */ = {isa = PBXFileReference; lastKnownFileType = sourcecode.swift; path = ViewController.swift; sourceTree = "<group>"; };
		047CD7602BB5DF2300C40F04 /* Base */ = {isa = PBXFileReference; lastKnownFileType = file.storyboard; name = Base; path = Base.lproj/Main.storyboard; sourceTree = "<group>"; };
		047CD7622BB5DF2400C40F04 /* Assets.xcassets */ = {isa = PBXFileReference; lastKnownFileType = folder.assetcatalog; path = Assets.xcassets; sourceTree = "<group>"; };
		047CD7652BB5DF2400C40F04 /* Base */ = {isa = PBXFileReference; lastKnownFileType = file.storyboard; name = Base; path = Base.lproj/LaunchScreen.storyboard; sourceTree = "<group>"; };
		047CD7672BB5DF2400C40F04 /* Info.plist */ = {isa = PBXFileReference; lastKnownFileType = text.plist.xml; path = Info.plist; sourceTree = "<group>"; };
		047CD76D2BB96B6200C40F04 /* RegisterViewController.swift */ = {isa = PBXFileReference; lastKnownFileType = sourcecode.swift; path = RegisterViewController.swift; sourceTree = "<group>"; };
		047CD76F2BB96B8200C40F04 /* LoginViewController.swift */ = {isa = PBXFileReference; lastKnownFileType = sourcecode.swift; path = LoginViewController.swift; sourceTree = "<group>"; };
		047CD7722BB9D9E500C40F04 /* GoogleService-Info.plist */ = {isa = PBXFileReference; fileEncoding = 4; lastKnownFileType = text.plist.xml; path = "GoogleService-Info.plist"; sourceTree = "<group>"; };
/* End PBXFileReference section */

/* Begin PBXFrameworksBuildPhase section */
		047CD7532BB5DF2300C40F04 /* Frameworks */ = {
			isa = PBXFrameworksBuildPhase;
			buildActionMask = 2147483647;
			files = (
				047CD7882BB9DBE700C40F04 /* FirebaseDatabase in Frameworks */,
				047CD77A2BB9DBE700C40F04 /* FirebaseAnalyticsSwift in Frameworks */,
				047CD7762BB9DBE700C40F04 /* FirebaseAnalytics in Frameworks */,
				047CD7782BB9DBE700C40F04 /* FirebaseAnalyticsOnDeviceConversion in Frameworks */,
				047CD77E2BB9DBE700C40F04 /* FirebaseAppCheck in Frameworks */,
				047CD77C2BB9DBE700C40F04 /* FirebaseAnalyticsWithoutAdIdSupport in Frameworks */,
				047CD7822BB9DBE700C40F04 /* FirebaseAuth in Frameworks */,
				047CD7862BB9DBE700C40F04 /* FirebaseCrashlytics in Frameworks */,
				047CD78A2BB9DBE700C40F04 /* FirebaseDatabaseSwift in Frameworks */,
				047CD7802BB9DBE700C40F04 /* FirebaseAppDistribution-Beta in Frameworks */,
				047CD7842BB9DBE700C40F04 /* FirebaseAuthCombine-Community in Frameworks */,
			);
			runOnlyForDeploymentPostprocessing = 0;
		};
/* End PBXFrameworksBuildPhase section */

/* Begin PBXGroup section */
		047CD74D2BB5DF2300C40F04 = {
			isa = PBXGroup;
			children = (
				047CD7582BB5DF2300C40F04 /* SeaGateTest */,
				047CD7572BB5DF2300C40F04 /* Products */,
			);
			sourceTree = "<group>";
		};
		047CD7572BB5DF2300C40F04 /* Products */ = {
			isa = PBXGroup;
			children = (
				047CD7562BB5DF2300C40F04 /* SeaGateTest.app */,
			);
			name = Products;
			sourceTree = "<group>";
		};
		047CD7582BB5DF2300C40F04 /* SeaGateTest */ = {
			isa = PBXGroup;
			children = (
				047CD7712BB96BB600C40F04 /* Controllers */,
				047CD7592BB5DF2300C40F04 /* AppDelegate.swift */,
				047CD75B2BB5DF2300C40F04 /* SceneDelegate.swift */,
				047CD7722BB9D9E500C40F04 /* GoogleService-Info.plist */,
				047CD75F2BB5DF2300C40F04 /* Main.storyboard */,
				047CD7622BB5DF2400C40F04 /* Assets.xcassets */,
				047CD7642BB5DF2400C40F04 /* LaunchScreen.storyboard */,
				047CD7672BB5DF2400C40F04 /* Info.plist */,
			);
			path = SeaGateTest;
			sourceTree = "<group>";
		};
		047CD7712BB96BB600C40F04 /* Controllers */ = {
			isa = PBXGroup;
			children = (
				047CD75D2BB5DF2300C40F04 /* ViewController.swift */,
				047CD76D2BB96B6200C40F04 /* RegisterViewController.swift */,
				047CD76F2BB96B8200C40F04 /* LoginViewController.swift */,
			);
			path = Controllers;
			sourceTree = "<group>";
		};
/* End PBXGroup section */

/* Begin PBXNativeTarget section */
		047CD7552BB5DF2300C40F04 /* SeaGateTest */ = {
			isa = PBXNativeTarget;
			buildConfigurationList = 047CD76A2BB5DF2400C40F04 /* Build configuration list for PBXNativeTarget "SeaGateTest" */;
			buildPhases = (
				047CD7522BB5DF2300C40F04 /* Sources */,
				047CD7532BB5DF2300C40F04 /* Frameworks */,
				047CD7542BB5DF2300C40F04 /* Resources */,
			);
			buildRules = (
			);
			dependencies = (
			);
			name = SeaGateTest;
			packageProductDependencies = (
				047CD7752BB9DBE700C40F04 /* FirebaseAnalytics */,
				047CD7772BB9DBE700C40F04 /* FirebaseAnalyticsOnDeviceConversion */,
				047CD7792BB9DBE700C40F04 /* FirebaseAnalyticsSwift */,
				047CD77B2BB9DBE700C40F04 /* FirebaseAnalyticsWithoutAdIdSupport */,
				047CD77D2BB9DBE700C40F04 /* FirebaseAppCheck */,
				047CD77F2BB9DBE700C40F04 /* FirebaseAppDistribution-Beta */,
				047CD7812BB9DBE700C40F04 /* FirebaseAuth */,
				047CD7832BB9DBE700C40F04 /* FirebaseAuthCombine-Community */,
				047CD7852BB9DBE700C40F04 /* FirebaseCrashlytics */,
				047CD7872BB9DBE700C40F04 /* FirebaseDatabase */,
				047CD7892BB9DBE700C40F04 /* FirebaseDatabaseSwift */,
			);
			productName = SeaGateTest;
			productReference = 047CD7562BB5DF2300C40F04 /* SeaGateTest.app */;
			productType = "com.apple.product-type.application";
		};
/* End PBXNativeTarget section */

/* Begin PBXProject section */
		047CD74E2BB5DF2300C40F04 /* Project object */ = {
			isa = PBXProject;
			attributes = {
				BuildIndependentTargetsInParallel = 1;
				LastSwiftUpdateCheck = 1520;
				LastUpgradeCheck = 1520;
				TargetAttributes = {
					047CD7552BB5DF2300C40F04 = {
						CreatedOnToolsVersion = 15.2;
					};
				};
			};
			buildConfigurationList = 047CD7512BB5DF2300C40F04 /* Build configuration list for PBXProject "SeaGateTest" */;
			compatibilityVersion = "Xcode 14.0";
			developmentRegion = en;
			hasScannedForEncodings = 0;
			knownRegions = (
				en,
				Base,
			);
			mainGroup = 047CD74D2BB5DF2300C40F04;
			packageReferences = (
				047CD7742BB9DBE700C40F04 /* XCRemoteSwiftPackageReference "firebase-ios-sdk" */,
			);
			productRefGroup = 047CD7572BB5DF2300C40F04 /* Products */;
			projectDirPath = "";
			projectRoot = "";
			targets = (
				047CD7552BB5DF2300C40F04 /* SeaGateTest */,
			);
		};
/* End PBXProject section */

/* Begin PBXResourcesBuildPhase section */
		047CD7542BB5DF2300C40F04 /* Resources */ = {
			isa = PBXResourcesBuildPhase;
			buildActionMask = 2147483647;
			files = (
				047CD7662BB5DF2400C40F04 /* LaunchScreen.storyboard in Resources */,
				047CD7632BB5DF2400C40F04 /* Assets.xcassets in Resources */,
				047CD7612BB5DF2300C40F04 /* Main.storyboard in Resources */,
				047CD7732BB9D9E600C40F04 /* GoogleService-Info.plist in Resources */,
			);
			runOnlyForDeploymentPostprocessing = 0;
		};
/* End PBXResourcesBuildPhase section */

/* Begin PBXSourcesBuildPhase section */
		047CD7522BB5DF2300C40F04 /* Sources */ = {
			isa = PBXSourcesBuildPhase;
			buildActionMask = 2147483647;
			files = (
				047CD75E2BB5DF2300C40F04 /* ViewController.swift in Sources */,
				047CD75A2BB5DF2300C40F04 /* AppDelegate.swift in Sources */,
				047CD75C2BB5DF2300C40F04 /* SceneDelegate.swift in Sources */,
				047CD7702BB96B8200C40F04 /* LoginViewController.swift in Sources */,
				047CD76E2BB96B6200C40F04 /* RegisterViewController.swift in Sources */,
			);
			runOnlyForDeploymentPostprocessing = 0;
		};
/* End PBXSourcesBuildPhase section */

/* Begin PBXVariantGroup section */
		047CD75F2BB5DF2300C40F04 /* Main.storyboard */ = {
			isa = PBXVariantGroup;
			children = (
				047CD7602BB5DF2300C40F04 /* Base */,
			);
			name = Main.storyboard;
			sourceTree = "<group>";
		};
		047CD7642BB5DF2400C40F04 /* LaunchScreen.storyboard */ = {
			isa = PBXVariantGroup;
			children = (
				047CD7652BB5DF2400C40F04 /* Base */,
			);
			name = LaunchScreen.storyboard;
			sourceTree = "<group>";
		};
/* End PBXVariantGroup section */

/* Begin XCBuildConfiguration section */
		047CD7682BB5DF2400C40F04 /* Debug */ = {
			isa = XCBuildConfiguration;
			buildSettings = {
				ALWAYS_SEARCH_USER_PATHS = NO;
				ASSETCATALOG_COMPILER_GENERATE_SWIFT_ASSET_SYMBOL_EXTENSIONS = YES;
				CLANG_ANALYZER_NONNULL = YES;
				CLANG_ANALYZER_NUMBER_OBJECT_CONVERSION = YES_AGGRESSIVE;
				CLANG_CXX_LANGUAGE_STANDARD = "gnu++20";
				CLANG_ENABLE_MODULES = YES;
				CLANG_ENABLE_OBJC_ARC = YES;
				CLANG_ENABLE_OBJC_WEAK = YES;
				CLANG_WARN_BLOCK_CAPTURE_AUTORELEASING = YES;
				CLANG_WARN_BOOL_CONVERSION = YES;
				CLANG_WARN_COMMA = YES;
				CLANG_WARN_CONSTANT_CONVERSION = YES;
				CLANG_WARN_DEPRECATED_OBJC_IMPLEMENTATIONS = YES;
				CLANG_WARN_DIRECT_OBJC_ISA_USAGE = YES_ERROR;
				CLANG_WARN_DOCUMENTATION_COMMENTS = YES;
				CLANG_WARN_EMPTY_BODY = YES;
				CLANG_WARN_ENUM_CONVERSION = YES;
				CLANG_WARN_INFINITE_RECURSION = YES;
				CLANG_WARN_INT_CONVERSION = YES;
				CLANG_WARN_NON_LITERAL_NULL_CONVERSION = YES;
				CLANG_WARN_OBJC_IMPLICIT_RETAIN_SELF = YES;
				CLANG_WARN_OBJC_LITERAL_CONVERSION = YES;
				CLANG_WARN_OBJC_ROOT_CLASS = YES_ERROR;
				CLANG_WARN_QUOTED_INCLUDE_IN_FRAMEWORK_HEADER = YES;
				CLANG_WARN_RANGE_LOOP_ANALYSIS = YES;
				CLANG_WARN_STRICT_PROTOTYPES = YES;
				CLANG_WARN_SUSPICIOUS_MOVE = YES;
				CLANG_WARN_UNGUARDED_AVAILABILITY = YES_AGGRESSIVE;
				CLANG_WARN_UNREACHABLE_CODE = YES;
				CLANG_WARN__DUPLICATE_METHOD_MATCH = YES;
				COPY_PHASE_STRIP = NO;
				DEBUG_INFORMATION_FORMAT = dwarf;
				ENABLE_STRICT_OBJC_MSGSEND = YES;
				ENABLE_TESTABILITY = YES;
				ENABLE_USER_SCRIPT_SANDBOXING = YES;
				GCC_C_LANGUAGE_STANDARD = gnu17;
				GCC_DYNAMIC_NO_PIC = NO;
				GCC_NO_COMMON_BLOCKS = YES;
				GCC_OPTIMIZATION_LEVEL = 0;
				GCC_PREPROCESSOR_DEFINITIONS = (
					"DEBUG=1",
					"$(inherited)",
				);
				GCC_WARN_64_TO_32_BIT_CONVERSION = YES;
				GCC_WARN_ABOUT_RETURN_TYPE = YES_ERROR;
				GCC_WARN_UNDECLARED_SELECTOR = YES;
				GCC_WARN_UNINITIALIZED_AUTOS = YES_AGGRESSIVE;
				GCC_WARN_UNUSED_FUNCTION = YES;
				GCC_WARN_UNUSED_VARIABLE = YES;
				IPHONEOS_DEPLOYMENT_TARGET = 17.2;
				LOCALIZATION_PREFERS_STRING_CATALOGS = YES;
				MTL_ENABLE_DEBUG_INFO = INCLUDE_SOURCE;
				MTL_FAST_MATH = YES;
				ONLY_ACTIVE_ARCH = YES;
				SDKROOT = iphoneos;
				SWIFT_ACTIVE_COMPILATION_CONDITIONS = "DEBUG $(inherited)";
				SWIFT_OPTIMIZATION_LEVEL = "-Onone";
			};
			name = Debug;
		};
		047CD7692BB5DF2400C40F04 /* Release */ = {
			isa = XCBuildConfiguration;
			buildSettings = {
				ALWAYS_SEARCH_USER_PATHS = NO;
				ASSETCATALOG_COMPILER_GENERATE_SWIFT_ASSET_SYMBOL_EXTENSIONS = YES;
				CLANG_ANALYZER_NONNULL = YES;
				CLANG_ANALYZER_NUMBER_OBJECT_CONVERSION = YES_AGGRESSIVE;
				CLANG_CXX_LANGUAGE_STANDARD = "gnu++20";
				CLANG_ENABLE_MODULES = YES;
				CLANG_ENABLE_OBJC_ARC = YES;
				CLANG_ENABLE_OBJC_WEAK = YES;
				CLANG_WARN_BLOCK_CAPTURE_AUTORELEASING = YES;
				CLANG_WARN_BOOL_CONVERSION = YES;
				CLANG_WARN_COMMA = YES;
				CLANG_WARN_CONSTANT_CONVERSION = YES;
				CLANG_WARN_DEPRECATED_OBJC_IMPLEMENTATIONS = YES;
				CLANG_WARN_DIRECT_OBJC_ISA_USAGE = YES_ERROR;
				CLANG_WARN_DOCUMENTATION_COMMENTS = YES;
				CLANG_WARN_EMPTY_BODY = YES;
				CLANG_WARN_ENUM_CONVERSION = YES;
				CLANG_WARN_INFINITE_RECURSION = YES;
				CLANG_WARN_INT_CONVERSION = YES;
				CLANG_WARN_NON_LITERAL_NULL_CONVERSION = YES;
				CLANG_WARN_OBJC_IMPLICIT_RETAIN_SELF = YES;
				CLANG_WARN_OBJC_LITERAL_CONVERSION = YES;
				CLANG_WARN_OBJC_ROOT_CLASS = YES_ERROR;
				CLANG_WARN_QUOTED_INCLUDE_IN_FRAMEWORK_HEADER = YES;
				CLANG_WARN_RANGE_LOOP_ANALYSIS = YES;
				CLANG_WARN_STRICT_PROTOTYPES = YES;
				CLANG_WARN_SUSPICIOUS_MOVE = YES;
				CLANG_WARN_UNGUARDED_AVAILABILITY = YES_AGGRESSIVE;
				CLANG_WARN_UNREACHABLE_CODE = YES;
				CLANG_WARN__DUPLICATE_METHOD_MATCH = YES;
				COPY_PHASE_STRIP = NO;
				DEBUG_INFORMATION_FORMAT = "dwarf-with-dsym";
				ENABLE_NS_ASSERTIONS = NO;
				ENABLE_STRICT_OBJC_MSGSEND = YES;
				ENABLE_USER_SCRIPT_SANDBOXING = YES;
				GCC_C_LANGUAGE_STANDARD = gnu17;
				GCC_NO_COMMON_BLOCKS = YES;
				GCC_WARN_64_TO_32_BIT_CONVERSION = YES;
				GCC_WARN_ABOUT_RETURN_TYPE = YES_ERROR;
				GCC_WARN_UNDECLARED_SELECTOR = YES;
				GCC_WARN_UNINITIALIZED_AUTOS = YES_AGGRESSIVE;
				GCC_WARN_UNUSED_FUNCTION = YES;
				GCC_WARN_UNUSED_VARIABLE = YES;
				IPHONEOS_DEPLOYMENT_TARGET = 17.2;
				LOCALIZATION_PREFERS_STRING_CATALOGS = YES;
				MTL_ENABLE_DEBUG_INFO = NO;
				MTL_FAST_MATH = YES;
				SDKROOT = iphoneos;
				SWIFT_COMPILATION_MODE = wholemodule;
				VALIDATE_PRODUCT = YES;
			};
			name = Release;
		};
		047CD76B2BB5DF2400C40F04 /* Debug */ = {
			isa = XCBuildConfiguration;
			buildSettings = {
				ASSETCATALOG_COMPILER_APPICON_NAME = AppIcon;
				ASSETCATALOG_COMPILER_GLOBAL_ACCENT_COLOR_NAME = AccentColor;
				CODE_SIGN_STYLE = Automatic;
				CURRENT_PROJECT_VERSION = 1;
				GENERATE_INFOPLIST_FILE = YES;
				INFOPLIST_FILE = SeaGateTest/Info.plist;
				INFOPLIST_KEY_UIApplicationSupportsIndirectInputEvents = YES;
				INFOPLIST_KEY_UILaunchStoryboardName = LaunchScreen;
				INFOPLIST_KEY_UIMainStoryboardFile = Main;
				INFOPLIST_KEY_UISupportedInterfaceOrientations_iPad = "UIInterfaceOrientationPortrait UIInterfaceOrientationPortraitUpsideDown UIInterfaceOrientationLandscapeLeft UIInterfaceOrientationLandscapeRight";
				INFOPLIST_KEY_UISupportedInterfaceOrientations_iPhone = "UIInterfaceOrientationPortrait UIInterfaceOrientationLandscapeLeft UIInterfaceOrientationLandscapeRight";
				LD_RUNPATH_SEARCH_PATHS = (
					"$(inherited)",
					"@executable_path/Frameworks",
				);
				MARKETING_VERSION = 1.0;
				PRODUCT_BUNDLE_IDENTIFIER = moseeeu.SeaGateTest;
				PRODUCT_NAME = "$(TARGET_NAME)";
				SWIFT_EMIT_LOC_STRINGS = YES;
				SWIFT_VERSION = 5.0;
				TARGETED_DEVICE_FAMILY = "1,2";
			};
			name = Debug;
		};
		047CD76C2BB5DF2400C40F04 /* Release */ = {
			isa = XCBuildConfiguration;
			buildSettings = {
				ASSETCATALOG_COMPILER_APPICON_NAME = AppIcon;
				ASSETCATALOG_COMPILER_GLOBAL_ACCENT_COLOR_NAME = AccentColor;
				CODE_SIGN_STYLE = Automatic;
				CURRENT_PROJECT_VERSION = 1;
				GENERATE_INFOPLIST_FILE = YES;
				INFOPLIST_FILE = SeaGateTest/Info.plist;
				INFOPLIST_KEY_UIApplicationSupportsIndirectInputEvents = YES;
				INFOPLIST_KEY_UILaunchStoryboardName = LaunchScreen;
				INFOPLIST_KEY_UIMainStoryboardFile = Main;
				INFOPLIST_KEY_UISupportedInterfaceOrientations_iPad = "UIInterfaceOrientationPortrait UIInterfaceOrientationPortraitUpsideDown UIInterfaceOrientationLandscapeLeft UIInterfaceOrientationLandscapeRight";
				INFOPLIST_KEY_UISupportedInterfaceOrientations_iPhone = "UIInterfaceOrientationPortrait UIInterfaceOrientationLandscapeLeft UIInterfaceOrientationLandscapeRight";
				LD_RUNPATH_SEARCH_PATHS = (
					"$(inherited)",
					"@executable_path/Frameworks",
				);
				MARKETING_VERSION = 1.0;
				PRODUCT_BUNDLE_IDENTIFIER = moseeeu.SeaGateTest;
				PRODUCT_NAME = "$(TARGET_NAME)";
				SWIFT_EMIT_LOC_STRINGS = YES;
				SWIFT_VERSION = 5.0;
				TARGETED_DEVICE_FAMILY = "1,2";
			};
			name = Release;
		};
/* End XCBuildConfiguration section */

/* Begin XCConfigurationList section */
		047CD7512BB5DF2300C40F04 /* Build configuration list for PBXProject "SeaGateTest" */ = {
			isa = XCConfigurationList;
			buildConfigurations = (
				047CD7682BB5DF2400C40F04 /* Debug */,
				047CD7692BB5DF2400C40F04 /* Release */,
			);
			defaultConfigurationIsVisible = 0;
			defaultConfigurationName = Release;
		};
		047CD76A2BB5DF2400C40F04 /* Build configuration list for PBXNativeTarget "SeaGateTest" */ = {
			isa = XCConfigurationList;
			buildConfigurations = (
				047CD76B2BB5DF2400C40F04 /* Debug */,
				047CD76C2BB5DF2400C40F04 /* Release */,
			);
			defaultConfigurationIsVisible = 0;
			defaultConfigurationName = Release;
		};
/* End XCConfigurationList section */

/* Begin XCRemoteSwiftPackageReference section */
		047CD7742BB9DBE700C40F04 /* XCRemoteSwiftPackageReference "firebase-ios-sdk" */ = {
			isa = XCRemoteSwiftPackageReference;
			repositoryURL = "https://github.com/firebase/firebase-ios-sdk.git";
			requirement = {
				kind = exactVersion;
				version = 10.23.1;
			};
		};
/* End XCRemoteSwiftPackageReference section */

/* Begin XCSwiftPackageProductDependency section */
		047CD7752BB9DBE700C40F04 /* FirebaseAnalytics */ = {
			isa = XCSwiftPackageProductDependency;
			package = 047CD7742BB9DBE700C40F04 /* XCRemoteSwiftPackageReference "firebase-ios-sdk" */;
			productName = FirebaseAnalytics;
		};
		047CD7772BB9DBE700C40F04 /* FirebaseAnalyticsOnDeviceConversion */ = {
			isa = XCSwiftPackageProductDependency;
			package = 047CD7742BB9DBE700C40F04 /* XCRemoteSwiftPackageReference "firebase-ios-sdk" */;
			productName = FirebaseAnalyticsOnDeviceConversion;
		};
		047CD7792BB9DBE700C40F04 /* FirebaseAnalyticsSwift */ = {
			isa = XCSwiftPackageProductDependency;
			package = 047CD7742BB9DBE700C40F04 /* XCRemoteSwiftPackageReference "firebase-ios-sdk" */;
			productName = FirebaseAnalyticsSwift;
		};
		047CD77B2BB9DBE700C40F04 /* FirebaseAnalyticsWithoutAdIdSupport */ = {
			isa = XCSwiftPackageProductDependency;
			package = 047CD7742BB9DBE700C40F04 /* XCRemoteSwiftPackageReference "firebase-ios-sdk" */;
			productName = FirebaseAnalyticsWithoutAdIdSupport;
		};
		047CD77D2BB9DBE700C40F04 /* FirebaseAppCheck */ = {
			isa = XCSwiftPackageProductDependency;
			package = 047CD7742BB9DBE700C40F04 /* XCRemoteSwiftPackageReference "firebase-ios-sdk" */;
			productName = FirebaseAppCheck;
		};
		047CD77F2BB9DBE700C40F04 /* FirebaseAppDistribution-Beta */ = {
			isa = XCSwiftPackageProductDependency;
			package = 047CD7742BB9DBE700C40F04 /* XCRemoteSwiftPackageReference "firebase-ios-sdk" */;
			productName = "FirebaseAppDistribution-Beta";
		};
		047CD7812BB9DBE700C40F04 /* FirebaseAuth */ = {
			isa = XCSwiftPackageProductDependency;
			package = 047CD7742BB9DBE700C40F04 /* XCRemoteSwiftPackageReference "firebase-ios-sdk" */;
			productName = FirebaseAuth;
		};
		047CD7832BB9DBE700C40F04 /* FirebaseAuthCombine-Community */ = {
			isa = XCSwiftPackageProductDependency;
			package = 047CD7742BB9DBE700C40F04 /* XCRemoteSwiftPackageReference "firebase-ios-sdk" */;
			productName = "FirebaseAuthCombine-Community";
		};
		047CD7852BB9DBE700C40F04 /* FirebaseCrashlytics */ = {
			isa = XCSwiftPackageProductDependency;
			package = 047CD7742BB9DBE700C40F04 /* XCRemoteSwiftPackageReference "firebase-ios-sdk" */;
			productName = FirebaseCrashlytics;
		};
		047CD7872BB9DBE700C40F04 /* FirebaseDatabase */ = {
			isa = XCSwiftPackageProductDependency;
			package = 047CD7742BB9DBE700C40F04 /* XCRemoteSwiftPackageReference "firebase-ios-sdk" */;
			productName = FirebaseDatabase;
		};
		047CD7892BB9DBE700C40F04 /* FirebaseDatabaseSwift */ = {
			isa = XCSwiftPackageProductDependency;
			package = 047CD7742BB9DBE700C40F04 /* XCRemoteSwiftPackageReference "firebase-ios-sdk" */;
			productName = FirebaseDatabaseSwift;
		};
/* End XCSwiftPackageProductDependency section */
	};
	rootObject = 047CD74E2BB5DF2300C40F04 /* Project object */;
}
